
Microsoft Visual Studio Solution File, Format Version 12.00
# Visual Studio Version 16
VisualStudioVersion = 16.0.31205.134
MinimumVisualStudioVersion = 10.0.40219.1
Project("{FAE04EC0-301F-11D3-BF4B-00C04F79EFBC}") = "Server", "Server\Server.csproj", "{9B236645-1F14-46AB-BDFD-B264AD0D874D}"
EndProject
Project("{FAE04EC0-301F-11D3-BF4B-00C04F79EFBC}") = "Client", "Client\Client.csproj", "{1AB9DCB1-083B-4EA9-915C-0ED2ADD0E7B4}"
EndProject
Global
	GlobalSection(SolutionConfigurationPlatforms) = preSolution
		Debug|Any CPU = Debug|Any CPU
		Release|Any CPU = Release|Any CPU
	EndGlobalSection
	GlobalSection(ProjectConfigurationPlatforms) = postSolution
		{9B236645-1F14-46AB-BDFD-B264AD0D874D}.Debug|Any CPU.ActiveCfg = Debug|Any CPU
		{9B236645-1F14-46AB-BDFD-B264AD0D874D}.Debug|Any CPU.Build.0 = Debug|Any CPU
		{9B236645-1F14-46AB-BDFD-B264AD0D874D}.Release|Any CPU.ActiveCfg = Release|Any CPU
		{9B236645-1F14-46AB-BDFD-B264AD0D874D}.Release|Any CPU.Build.0 = Release|Any CPU
		{1AB9DCB1-083B-4EA9-915C-0ED2ADD0E7B4}.Debug|Any CPU.ActiveCfg = Debug|Any CPU
		{1AB9DCB1-083B-4EA9-915C-0ED2ADD0E7B4}.Debug|Any CPU.Build.0 = Debug|Any CPU
		{1AB9DCB1-083B-4EA9-915C-0ED2ADD0E7B4}.Release|Any CPU.ActiveCfg = Release|Any CPU
		{1AB9DCB1-083B-4EA9-915C-0ED2ADD0E7B4}.Release|Any CPU.Build.0 = Release|Any CPU
	EndGlobalSection
	GlobalSection(SolutionProperties) = preSolution
		HideSolutionNode = FALSE
	EndGlobalSection
	GlobalSection(ExtensibilityGlobals) = postSolution
		SolutionGuid = {120F4078-18B9-4E08-B89D-3702576B8592}
	EndGlobalSection
EndGlobal
